<Solution>
  <Project Path="GoDuration/GoDuration.csproj" />
  <Project Path="GoDuration.Tests/GoDuration.Tests.csproj" />
  <Project Path="GoDuration.NodaTime/GoDuration.NodaTime.csproj" />
  <Project Path="GoDuration.NodaTime.Tests/GoDuration.NodaTime.Tests.csproj" />
  <Project Path="../build/_build.csproj">
    <Build Project="false" />
  </Project>
</Solution>
